{
  "requires": true,
  "lockfileVersion": 1,
  "dependencies": {
    "plotly.js-dist": {
      "version": "2.16.0",
      "resolved": "https://registry.npmjs.org/plotly.js-dist/-/plotly.js-dist-2.16.0.tgz",
      "integrity": "sha512-vdMa/ABwzj5PCSoMKbvi9RwDE51S3uiQYNKbsjUSs4gK00TPm7yhiHfBHtBN1ep+Ht3FqnwMVbTzCJM2L+vycA=="
    }
  }
}
